
Microsoft Visual Studio Solution File, Format Version 12.00
# Visual Studio Version 17
VisualStudioVersion = 17.14.36518.9 d17.14
MinimumVisualStudioVersion = 10.0.40219.1
Project("{8BC9CEB8-8B4A-11D0-8D11-00A0C91BC942}") = "if语句", "if语句\if语句.vcxproj", "{5B373945-08A6-4883-96E1-AE80AE98ABEA}"
EndProject
Global
	GlobalSection(SolutionConfigurationPlatforms) = preSolution
		Debug|x64 = Debug|x64
		Debug|x86 = Debug|x86
		Release|x64 = Release|x64
		Release|x86 = Release|x86
	EndGlobalSection
	GlobalSection(ProjectConfigurationPlatforms) = postSolution
		{5B373945-08A6-4883-96E1-AE80AE98ABEA}.Debug|x64.ActiveCfg = Debug|x64
		{5B373945-08A6-4883-96E1-AE80AE98ABEA}.Debug|x64.Build.0 = Debug|x64
		{5B373945-08A6-4883-96E1-AE80AE98ABEA}.Debug|x86.ActiveCfg = Debug|Win32
		{5B373945-08A6-4883-96E1-AE80AE98ABEA}.Debug|x86.Build.0 = Debug|Win32
		{5B373945-08A6-4883-96E1-AE80AE98ABEA}.Release|x64.ActiveCfg = Release|x64
		{5B373945-08A6-4883-96E1-AE80AE98ABEA}.Release|x64.Build.0 = Release|x64
		{5B373945-08A6-4883-96E1-AE80AE98ABEA}.Release|x86.ActiveCfg = Release|Win32
		{5B373945-08A6-4883-96E1-AE80AE98ABEA}.Release|x86.Build.0 = Release|Win32
	EndGlobalSection
	GlobalSection(SolutionProperties) = preSolution
		HideSolutionNode = FALSE
	EndGlobalSection
	GlobalSection(ExtensibilityGlobals) = postSolution
		SolutionGuid = {4EB2859A-C31F-466A-A59C-84599CBC4A1D}
	EndGlobalSection
EndGlobal
