
Microsoft Visual Studio Solution File, Format Version 12.00
# Visual Studio Version 17
VisualStudioVersion = 17.14.36603.0 d17.14
MinimumVisualStudioVersion = 10.0.40219.1
Project("{8BC9CEB8-8B4A-11D0-8D11-00A0C91BC942}") = "求补码1的个数", "求补码1的个数\求补码1的个数.vcxproj", "{A1D933F6-6474-4E8B-BB13-A4F4F103AA9D}"
EndProject
Global
	GlobalSection(SolutionConfigurationPlatforms) = preSolution
		Debug|x64 = Debug|x64
		Debug|x86 = Debug|x86
		Release|x64 = Release|x64
		Release|x86 = Release|x86
	EndGlobalSection
	GlobalSection(ProjectConfigurationPlatforms) = postSolution
		{A1D933F6-6474-4E8B-BB13-A4F4F103AA9D}.Debug|x64.ActiveCfg = Debug|x64
		{A1D933F6-6474-4E8B-BB13-A4F4F103AA9D}.Debug|x64.Build.0 = Debug|x64
		{A1D933F6-6474-4E8B-BB13-A4F4F103AA9D}.Debug|x86.ActiveCfg = Debug|Win32
		{A1D933F6-6474-4E8B-BB13-A4F4F103AA9D}.Debug|x86.Build.0 = Debug|Win32
		{A1D933F6-6474-4E8B-BB13-A4F4F103AA9D}.Release|x64.ActiveCfg = Release|x64
		{A1D933F6-6474-4E8B-BB13-A4F4F103AA9D}.Release|x64.Build.0 = Release|x64
		{A1D933F6-6474-4E8B-BB13-A4F4F103AA9D}.Release|x86.ActiveCfg = Release|Win32
		{A1D933F6-6474-4E8B-BB13-A4F4F103AA9D}.Release|x86.Build.0 = Release|Win32
	EndGlobalSection
	GlobalSection(SolutionProperties) = preSolution
		HideSolutionNode = FALSE
	EndGlobalSection
	GlobalSection(ExtensibilityGlobals) = postSolution
		SolutionGuid = {5647C5E5-CBC8-42C9-A827-FB259187B5B6}
	EndGlobalSection
EndGlobal
